// !$*UTF8*$!
{
	archiveVersion = 1;
	classes = {
	};
	objectVersion = 51;
	objects = {

/* Begin PBXBuildFile section */
		A4C3ED580ABAB5901BD113E5 /* Pods_MrATest.framework in Frameworks */ = {isa = PBXBuildFile; fileRef = 5A20CBC3D6B624C09563029F /* Pods_MrATest.framework */; };
		E3FFC2CE25620E9900E40AB1 /* AppDelegate.swift in Sources */ = {isa = PBXBuildFile; fileRef = E3FFC2CD25620E9900E40AB1 /* AppDelegate.swift */; };
		E3FFC2D025620E9900E40AB1 /* SceneDelegate.swift in Sources */ = {isa = PBXBuildFile; fileRef = E3FFC2CF25620E9900E40AB1 /* SceneDelegate.swift */; };
		E3FFC2D225620E9900E40AB1 /* DashboardViewController.swift in Sources */ = {isa = PBXBuildFile; fileRef = E3FFC2D125620E9900E40AB1 /* DashboardViewController.swift */; };
		E3FFC2D525620E9900E40AB1 /* Main.storyboard in Resources */ = {isa = PBXBuildFile; fileRef = E3FFC2D325620E9900E40AB1 /* Main.storyboard */; };
		E3FFC2D725620E9C00E40AB1 /* Assets.xcassets in Resources */ = {isa = PBXBuildFile; fileRef = E3FFC2D625620E9C00E40AB1 /* Assets.xcassets */; };
		E3FFC2DA25620E9C00E40AB1 /* LaunchScreen.storyboard in Resources */ = {isa = PBXBuildFile; fileRef = E3FFC2D825620E9C00E40AB1 /* LaunchScreen.storyboard */; };
		E3FFC2ED25621C6400E40AB1 /* Menu.swift in Sources */ = {isa = PBXBuildFile; fileRef = E3FFC2EC25621C6400E40AB1 /* Menu.swift */; };
		E3FFC2F125621EF900E40AB1 /* NewsListViewController.swift in Sources */ = {isa = PBXBuildFile; fileRef = E3FFC2F025621EF900E40AB1 /* NewsListViewController.swift */; };
		E3FFC2F425621F2C00E40AB1 /* News.swift in Sources */ = {isa = PBXBuildFile; fileRef = E3FFC2F325621F2C00E40AB1 /* News.swift */; };
		E3FFC2F825621F5700E40AB1 /* NewsTableViewCell.swift in Sources */ = {isa = PBXBuildFile; fileRef = E3FFC2F725621F5700E40AB1 /* NewsTableViewCell.swift */; };
		E3FFC2FF256238A700E40AB1 /* Documentation.rtf in Resources */ = {isa = PBXBuildFile; fileRef = E3FFC2FE256238A700E40AB1 /* Documentation.rtf */; };
/* End PBXBuildFile section */

/* Begin PBXFileReference section */
		5A20CBC3D6B624C09563029F /* Pods_MrATest.framework */ = {isa = PBXFileReference; explicitFileType = wrapper.framework; includeInIndex = 0; path = Pods_MrATest.framework; sourceTree = BUILT_PRODUCTS_DIR; };
		88EE348A8A6879C178640299 /* Pods-MrATest.release.xcconfig */ = {isa = PBXFileReference; includeInIndex = 1; lastKnownFileType = text.xcconfig; name = "Pods-MrATest.release.xcconfig"; path = "Target Support Files/Pods-MrATest/Pods-MrATest.release.xcconfig"; sourceTree = "<group>"; };
		D1A68B6E38F9274991C6105B /* Pods-MrATest.debug.xcconfig */ = {isa = PBXFileReference; includeInIndex = 1; lastKnownFileType = text.xcconfig; name = "Pods-MrATest.debug.xcconfig"; path = "Target Support Files/Pods-MrATest/Pods-MrATest.debug.xcconfig"; sourceTree = "<group>"; };
		E3FFC2CA25620E9900E40AB1 /* MrATest.app */ = {isa = PBXFileReference; explicitFileType = wrapper.application; includeInIndex = 0; path = MrATest.app; sourceTree = BUILT_PRODUCTS_DIR; };
		E3FFC2CD25620E9900E40AB1 /* AppDelegate.swift */ = {isa = PBXFileReference; lastKnownFileType = sourcecode.swift; path = AppDelegate.swift; sourceTree = "<group>"; };
		E3FFC2CF25620E9900E40AB1 /* SceneDelegate.swift */ = {isa = PBXFileReference; lastKnownFileType = sourcecode.swift; path = SceneDelegate.swift; sourceTree = "<group>"; };
		E3FFC2D125620E9900E40AB1 /* DashboardViewController.swift */ = {isa = PBXFileReference; lastKnownFileType = sourcecode.swift; path = DashboardViewController.swift; sourceTree = "<group>"; };
		E3FFC2D425620E9900E40AB1 /* Base */ = {isa = PBXFileReference; lastKnownFileType = file.storyboard; name = Base; path = Base.lproj/Main.storyboard; sourceTree = "<group>"; };
		E3FFC2D625620E9C00E40AB1 /* Assets.xcassets */ = {isa = PBXFileReference; lastKnownFileType = folder.assetcatalog; path = Assets.xcassets; sourceTree = "<group>"; };
		E3FFC2D925620E9C00E40AB1 /* Base */ = {isa = PBXFileReference; lastKnownFileType = file.storyboard; name = Base; path = Base.lproj/LaunchScreen.storyboard; sourceTree = "<group>"; };
		E3FFC2DB25620E9C00E40AB1 /* Info.plist */ = {isa = PBXFileReference; lastKnownFileType = text.plist.xml; path = Info.plist; sourceTree = "<group>"; };
		E3FFC2EC25621C6400E40AB1 /* Menu.swift */ = {isa = PBXFileReference; lastKnownFileType = sourcecode.swift; path = Menu.swift; sourceTree = "<group>"; };
		E3FFC2F025621EF900E40AB1 /* NewsListViewController.swift */ = {isa = PBXFileReference; lastKnownFileType = sourcecode.swift; path = NewsListViewController.swift; sourceTree = "<group>"; };
		E3FFC2F325621F2C00E40AB1 /* News.swift */ = {isa = PBXFileReference; lastKnownFileType = sourcecode.swift; path = News.swift; sourceTree = "<group>"; };
		E3FFC2F725621F5700E40AB1 /* NewsTableViewCell.swift */ = {isa = PBXFileReference; lastKnownFileType = sourcecode.swift; path = NewsTableViewCell.swift; sourceTree = "<group>"; };
		E3FFC2FE256238A700E40AB1 /* Documentation.rtf */ = {isa = PBXFileReference; lastKnownFileType = text.rtf; path = Documentation.rtf; sourceTree = "<group>"; };
/* End PBXFileReference section */

/* Begin PBXFrameworksBuildPhase section */
		E3FFC2C725620E9900E40AB1 /* Frameworks */ = {
			isa = PBXFrameworksBuildPhase;
			buildActionMask = 2147483647;
			files = (
				A4C3ED580ABAB5901BD113E5 /* Pods_MrATest.framework in Frameworks */,
			);
			runOnlyForDeploymentPostprocessing = 0;
		};
/* End PBXFrameworksBuildPhase section */

/* Begin PBXGroup section */
		7B75C3F5E33AC64D656A162F /* Pods */ = {
			isa = PBXGroup;
			children = (
				D1A68B6E38F9274991C6105B /* Pods-MrATest.debug.xcconfig */,
				88EE348A8A6879C178640299 /* Pods-MrATest.release.xcconfig */,
			);
			path = Pods;
			sourceTree = "<group>";
		};
		CF2BA09A41CC5CC5DA93CEDB /* Frameworks */ = {
			isa = PBXGroup;
			children = (
				5A20CBC3D6B624C09563029F /* Pods_MrATest.framework */,
			);
			name = Frameworks;
			sourceTree = "<group>";
		};
		E3FFC2C125620E9900E40AB1 = {
			isa = PBXGroup;
			children = (
				E3FFC2CC25620E9900E40AB1 /* MrATest */,
				E3FFC2CB25620E9900E40AB1 /* Products */,
				7B75C3F5E33AC64D656A162F /* Pods */,
				CF2BA09A41CC5CC5DA93CEDB /* Frameworks */,
			);
			sourceTree = "<group>";
		};
		E3FFC2CB25620E9900E40AB1 /* Products */ = {
			isa = PBXGroup;
			children = (
				E3FFC2CA25620E9900E40AB1 /* MrATest.app */,
			);
			name = Products;
			sourceTree = "<group>";
		};
		E3FFC2CC25620E9900E40AB1 /* MrATest */ = {
			isa = PBXGroup;
			children = (
				E3FFC2EA256219A100E40AB1 /* Controller */,
				E3FFC2E92562199B00E40AB1 /* View */,
				E3FFC2E82562199600E40AB1 /* Model */,
				E3FFC2CD25620E9900E40AB1 /* AppDelegate.swift */,
				E3FFC2CF25620E9900E40AB1 /* SceneDelegate.swift */,
				E3FFC2D625620E9C00E40AB1 /* Assets.xcassets */,
				E3FFC2DB25620E9C00E40AB1 /* Info.plist */,
				E3FFC2FE256238A700E40AB1 /* Documentation.rtf */,
			);
			path = MrATest;
			sourceTree = "<group>";
		};
		E3FFC2E82562199600E40AB1 /* Model */ = {
			isa = PBXGroup;
			children = (
				E3FFC2EC25621C6400E40AB1 /* Menu.swift */,
				E3FFC2F325621F2C00E40AB1 /* News.swift */,
			);
			path = Model;
			sourceTree = "<group>";
		};
		E3FFC2E92562199B00E40AB1 /* View */ = {
			isa = PBXGroup;
			children = (
				E3FFC2F625621F3B00E40AB1 /* Cell */,
				E3FFC2D325620E9900E40AB1 /* Main.storyboard */,
				E3FFC2D825620E9C00E40AB1 /* LaunchScreen.storyboard */,
			);
			path = View;
			sourceTree = "<group>";
		};
		E3FFC2EA256219A100E40AB1 /* Controller */ = {
			isa = PBXGroup;
			children = (
				E3FFC2D125620E9900E40AB1 /* DashboardViewController.swift */,
				E3FFC2F025621EF900E40AB1 /* NewsListViewController.swift */,
			);
			path = Controller;
			sourceTree = "<group>";
		};
		E3FFC2F625621F3B00E40AB1 /* Cell */ = {
			isa = PBXGroup;
			children = (
				E3FFC2F725621F5700E40AB1 /* NewsTableViewCell.swift */,
			);
			path = Cell;
			sourceTree = "<group>";
		};
/* End PBXGroup section */

/* Begin PBXNativeTarget section */
		E3FFC2C925620E9900E40AB1 /* MrATest */ = {
			isa = PBXNativeTarget;
			buildConfigurationList = E3FFC2DE25620E9C00E40AB1 /* Build configuration list for PBXNativeTarget "MrATest" */;
			buildPhases = (
				FB334834A860D7FDEBD20078 /* [CP] Check Pods Manifest.lock */,
				E3FFC2C625620E9900E40AB1 /* Sources */,
				E3FFC2C725620E9900E40AB1 /* Frameworks */,
				E3FFC2C825620E9900E40AB1 /* Resources */,
				C81DC24312913D84DE2FD73F /* [CP] Embed Pods Frameworks */,
			);
			buildRules = (
			);
			dependencies = (
			);
			name = MrATest;
			productName = MrATest;
			productReference = E3FFC2CA25620E9900E40AB1 /* MrATest.app */;
			productType = "com.apple.product-type.application";
		};
/* End PBXNativeTarget section */

/* Begin PBXProject section */
		E3FFC2C225620E9900E40AB1 /* Project object */ = {
			isa = PBXProject;
			attributes = {
				LastSwiftUpdateCheck = 1210;
				LastUpgradeCheck = 1210;
				TargetAttributes = {
					E3FFC2C925620E9900E40AB1 = {
						CreatedOnToolsVersion = 12.1;
					};
				};
			};
			buildConfigurationList = E3FFC2C525620E9900E40AB1 /* Build configuration list for PBXProject "MrATest" */;
			compatibilityVersion = "Xcode 9.3";
			developmentRegion = en;
			hasScannedForEncodings = 0;
			knownRegions = (
				en,
				Base,
			);
			mainGroup = E3FFC2C125620E9900E40AB1;
			productRefGroup = E3FFC2CB25620E9900E40AB1 /* Products */;
			projectDirPath = "";
			projectRoot = "";
			targets = (
				E3FFC2C925620E9900E40AB1 /* MrATest */,
			);
		};
/* End PBXProject section */

/* Begin PBXResourcesBuildPhase section */
		E3FFC2C825620E9900E40AB1 /* Resources */ = {
			isa = PBXResourcesBuildPhase;
			buildActionMask = 2147483647;
			files = (
				E3FFC2DA25620E9C00E40AB1 /* LaunchScreen.storyboard in Resources */,
				E3FFC2FF256238A700E40AB1 /* Documentation.rtf in Resources */,
				E3FFC2D725620E9C00E40AB1 /* Assets.xcassets in Resources */,
				E3FFC2D525620E9900E40AB1 /* Main.storyboard in Resources */,
			);
			runOnlyForDeploymentPostprocessing = 0;
		};
/* End PBXResourcesBuildPhase section */

/* Begin PBXShellScriptBuildPhase section */
		C81DC24312913D84DE2FD73F /* [CP] Embed Pods Frameworks */ = {
			isa = PBXShellScriptBuildPhase;
			buildActionMask = 2147483647;
			files = (
			);
			inputFileListPaths = (
				"${PODS_ROOT}/Target Support Files/Pods-MrATest/Pods-MrATest-frameworks-${CONFIGURATION}-input-files.xcfilelist",
			);
			name = "[CP] Embed Pods Frameworks";
			outputFileListPaths = (
				"${PODS_ROOT}/Target Support Files/Pods-MrATest/Pods-MrATest-frameworks-${CONFIGURATION}-output-files.xcfilelist",
			);
			runOnlyForDeploymentPostprocessing = 0;
			shellPath = /bin/sh;
			shellScript = "\"${PODS_ROOT}/Target Support Files/Pods-MrATest/Pods-MrATest-frameworks.sh\"\n";
			showEnvVarsInLog = 0;
		};
		FB334834A860D7FDEBD20078 /* [CP] Check Pods Manifest.lock */ = {
			isa = PBXShellScriptBuildPhase;
			buildActionMask = 2147483647;
			files = (
			);
			inputFileListPaths = (
			);
			inputPaths = (
				"${PODS_PODFILE_DIR_PATH}/Podfile.lock",
				"${PODS_ROOT}/Manifest.lock",
			);
			name = "[CP] Check Pods Manifest.lock";
			outputFileListPaths = (
			);
			outputPaths = (
				"$(DERIVED_FILE_DIR)/Pods-MrATest-checkManifestLockResult.txt",
			);
			runOnlyForDeploymentPostprocessing = 0;
			shellPath = /bin/sh;
			shellScript = "diff \"${PODS_PODFILE_DIR_PATH}/Podfile.lock\" \"${PODS_ROOT}/Manifest.lock\" > /dev/null\nif [ $? != 0 ] ; then\n    # print error to STDERR\n    echo \"error: The sandbox is not in sync with the Podfile.lock. Run 'pod install' or update your CocoaPods installation.\" >&2\n    exit 1\nfi\n# This output is used by Xcode 'outputs' to avoid re-running this script phase.\necho \"SUCCESS\" > \"${SCRIPT_OUTPUT_FILE_0}\"\n";
			showEnvVarsInLog = 0;
		};
/* End PBXShellScriptBuildPhase section */

/* Begin PBXSourcesBuildPhase section */
		E3FFC2C625620E9900E40AB1 /* Sources */ = {
			isa = PBXSourcesBuildPhase;
			buildActionMask = 2147483647;
			files = (
				E3FFC2F425621F2C00E40AB1 /* News.swift in Sources */,
				E3FFC2F825621F5700E40AB1 /* NewsTableViewCell.swift in Sources */,
				E3FFC2F125621EF900E40AB1 /* NewsListViewController.swift in Sources */,
				E3FFC2D225620E9900E40AB1 /* DashboardViewController.swift in Sources */,
				E3FFC2CE25620E9900E40AB1 /* AppDelegate.swift in Sources */,
				E3FFC2ED25621C6400E40AB1 /* Menu.swift in Sources */,
				E3FFC2D025620E9900E40AB1 /* SceneDelegate.swift in Sources */,
			);
			runOnlyForDeploymentPostprocessing = 0;
		};
/* End PBXSourcesBuildPhase section */

/* Begin PBXVariantGroup section */
		E3FFC2D325620E9900E40AB1 /* Main.storyboard */ = {
			isa = PBXVariantGroup;
			children = (
				E3FFC2D425620E9900E40AB1 /* Base */,
			);
			name = Main.storyboard;
			sourceTree = "<group>";
		};
		E3FFC2D825620E9C00E40AB1 /* LaunchScreen.storyboard */ = {
			isa = PBXVariantGroup;
			children = (
				E3FFC2D925620E9C00E40AB1 /* Base */,
			);
			name = LaunchScreen.storyboard;
			sourceTree = "<group>";
		};
/* End PBXVariantGroup section */

/* Begin XCBuildConfiguration section */
		E3FFC2DC25620E9C00E40AB1 /* Debug */ = {
			isa = XCBuildConfiguration;
			buildSettings = {
				ALWAYS_SEARCH_USER_PATHS = NO;
				CLANG_ANALYZER_NONNULL = YES;
				CLANG_ANALYZER_NUMBER_OBJECT_CONVERSION = YES_AGGRESSIVE;
				CLANG_CXX_LANGUAGE_STANDARD = "gnu++14";
				CLANG_CXX_LIBRARY = "libc++";
				CLANG_ENABLE_MODULES = YES;
				CLANG_ENABLE_OBJC_ARC = YES;
				CLANG_ENABLE_OBJC_WEAK = YES;
				CLANG_WARN_BLOCK_CAPTURE_AUTORELEASING = YES;
				CLANG_WARN_BOOL_CONVERSION = YES;
				CLANG_WARN_COMMA = YES;
				CLANG_WARN_CONSTANT_CONVERSION = YES;
				CLANG_WARN_DEPRECATED_OBJC_IMPLEMENTATIONS = YES;
				CLANG_WARN_DIRECT_OBJC_ISA_USAGE = YES_ERROR;
				CLANG_WARN_DOCUMENTATION_COMMENTS = YES;
				CLANG_WARN_EMPTY_BODY = YES;
				CLANG_WARN_ENUM_CONVERSION = YES;
				CLANG_WARN_INFINITE_RECURSION = YES;
				CLANG_WARN_INT_CONVERSION = YES;
				CLANG_WARN_NON_LITERAL_NULL_CONVERSION = YES;
				CLANG_WARN_OBJC_IMPLICIT_RETAIN_SELF = YES;
				CLANG_WARN_OBJC_LITERAL_CONVERSION = YES;
				CLANG_WARN_OBJC_ROOT_CLASS = YES_ERROR;
				CLANG_WARN_QUOTED_INCLUDE_IN_FRAMEWORK_HEADER = YES;
				CLANG_WARN_RANGE_LOOP_ANALYSIS = YES;
				CLANG_WARN_STRICT_PROTOTYPES = YES;
				CLANG_WARN_SUSPICIOUS_MOVE = YES;
				CLANG_WARN_UNGUARDED_AVAILABILITY = YES_AGGRESSIVE;
				CLANG_WARN_UNREACHABLE_CODE = YES;
				CLANG_WARN__DUPLICATE_METHOD_MATCH = YES;
				COPY_PHASE_STRIP = NO;
				DEBUG_INFORMATION_FORMAT = dwarf;
				ENABLE_STRICT_OBJC_MSGSEND = YES;
				ENABLE_TESTABILITY = YES;
				GCC_C_LANGUAGE_STANDARD = gnu11;
				GCC_DYNAMIC_NO_PIC = NO;
				GCC_NO_COMMON_BLOCKS = YES;
				GCC_OPTIMIZATION_LEVEL = 0;
				GCC_PREPROCESSOR_DEFINITIONS = (
					"DEBUG=1",
					"$(inherited)",
				);
				GCC_WARN_64_TO_32_BIT_CONVERSION = YES;
				GCC_WARN_ABOUT_RETURN_TYPE = YES_ERROR;
				GCC_WARN_UNDECLARED_SELECTOR = YES;
				GCC_WARN_UNINITIALIZED_AUTOS = YES_AGGRESSIVE;
				GCC_WARN_UNUSED_FUNCTION = YES;
				GCC_WARN_UNUSED_VARIABLE = YES;
				IPHONEOS_DEPLOYMENT_TARGET = 11.0;
				MTL_ENABLE_DEBUG_INFO = INCLUDE_SOURCE;
				MTL_FAST_MATH = YES;
				ONLY_ACTIVE_ARCH = YES;
				SDKROOT = iphoneos;
				SWIFT_ACTIVE_COMPILATION_CONDITIONS = DEBUG;
				SWIFT_OPTIMIZATION_LEVEL = "-Onone";
			};
			name = Debug;
		};
		E3FFC2DD25620E9C00E40AB1 /* Release */ = {
			isa = XCBuildConfiguration;
			buildSettings = {
				ALWAYS_SEARCH_USER_PATHS = NO;
				CLANG_ANALYZER_NONNULL = YES;
				CLANG_ANALYZER_NUMBER_OBJECT_CONVERSION = YES_AGGRESSIVE;
				CLANG_CXX_LANGUAGE_STANDARD = "gnu++14";
				CLANG_CXX_LIBRARY = "libc++";
				CLANG_ENABLE_MODULES = YES;
				CLANG_ENABLE_OBJC_ARC = YES;
				CLANG_ENABLE_OBJC_WEAK = YES;
				CLANG_WARN_BLOCK_CAPTURE_AUTORELEASING = YES;
				CLANG_WARN_BOOL_CONVERSION = YES;
				CLANG_WARN_COMMA = YES;
				CLANG_WARN_CONSTANT_CONVERSION = YES;
				CLANG_WARN_DEPRECATED_OBJC_IMPLEMENTATIONS = YES;
				CLANG_WARN_DIRECT_OBJC_ISA_USAGE = YES_ERROR;
				CLANG_WARN_DOCUMENTATION_COMMENTS = YES;
				CLANG_WARN_EMPTY_BODY = YES;
				CLANG_WARN_ENUM_CONVERSION = YES;
				CLANG_WARN_INFINITE_RECURSION = YES;
				CLANG_WARN_INT_CONVERSION = YES;
				CLANG_WARN_NON_LITERAL_NULL_CONVERSION = YES;
				CLANG_WARN_OBJC_IMPLICIT_RETAIN_SELF = YES;
				CLANG_WARN_OBJC_LITERAL_CONVERSION = YES;
				CLANG_WARN_OBJC_ROOT_CLASS = YES_ERROR;
				CLANG_WARN_QUOTED_INCLUDE_IN_FRAMEWORK_HEADER = YES;
				CLANG_WARN_RANGE_LOOP_ANALYSIS = YES;
				CLANG_WARN_STRICT_PROTOTYPES = YES;
				CLANG_WARN_SUSPICIOUS_MOVE = YES;
				CLANG_WARN_UNGUARDED_AVAILABILITY = YES_AGGRESSIVE;
				CLANG_WARN_UNREACHABLE_CODE = YES;
				CLANG_WARN__DUPLICATE_METHOD_MATCH = YES;
				COPY_PHASE_STRIP = NO;
				DEBUG_INFORMATION_FORMAT = "dwarf-with-dsym";
				ENABLE_NS_ASSERTIONS = NO;
				ENABLE_STRICT_OBJC_MSGSEND = YES;
				GCC_C_LANGUAGE_STANDARD = gnu11;
				GCC_NO_COMMON_BLOCKS = YES;
				GCC_WARN_64_TO_32_BIT_CONVERSION = YES;
				GCC_WARN_ABOUT_RETURN_TYPE = YES_ERROR;
				GCC_WARN_UNDECLARED_SELECTOR = YES;
				GCC_WARN_UNINITIALIZED_AUTOS = YES_AGGRESSIVE;
				GCC_WARN_UNUSED_FUNCTION = YES;
				GCC_WARN_UNUSED_VARIABLE = YES;
				IPHONEOS_DEPLOYMENT_TARGET = 11.0;
				MTL_ENABLE_DEBUG_INFO = NO;
				MTL_FAST_MATH = YES;
				SDKROOT = iphoneos;
				SWIFT_COMPILATION_MODE = wholemodule;
				SWIFT_OPTIMIZATION_LEVEL = "-O";
				VALIDATE_PRODUCT = YES;
			};
			name = Release;
		};
		E3FFC2DF25620E9C00E40AB1 /* Debug */ = {
			isa = XCBuildConfiguration;
			baseConfigurationReference = D1A68B6E38F9274991C6105B /* Pods-MrATest.debug.xcconfig */;
			buildSettings = {
				ASSETCATALOG_COMPILER_APPICON_NAME = AppIcon;
				ASSETCATALOG_COMPILER_GLOBAL_ACCENT_COLOR_NAME = AccentColor;
				CODE_SIGN_STYLE = Automatic;
				DEVELOPMENT_TEAM = ASW39WL4CH;
				INFOPLIST_FILE = MrATest/Info.plist;
				IPHONEOS_DEPLOYMENT_TARGET = 11.0;
				LD_RUNPATH_SEARCH_PATHS = (
					"$(inherited)",
					"@executable_path/Frameworks",
				);
				PRODUCT_BUNDLE_IDENTIFIER = TestApp.MrATest;
				PRODUCT_NAME = "$(TARGET_NAME)";
				SWIFT_VERSION = 5.0;
				TARGETED_DEVICE_FAMILY = "1,2";
			};
			name = Debug;
		};
		E3FFC2E025620E9C00E40AB1 /* Release */ = {
			isa = XCBuildConfiguration;
			baseConfigurationReference = 88EE348A8A6879C178640299 /* Pods-MrATest.release.xcconfig */;
			buildSettings = {
				ASSETCATALOG_COMPILER_APPICON_NAME = AppIcon;
				ASSETCATALOG_COMPILER_GLOBAL_ACCENT_COLOR_NAME = AccentColor;
				CODE_SIGN_STYLE = Automatic;
				DEVELOPMENT_TEAM = ASW39WL4CH;
				INFOPLIST_FILE = MrATest/Info.plist;
				IPHONEOS_DEPLOYMENT_TARGET = 11.0;
				LD_RUNPATH_SEARCH_PATHS = (
					"$(inherited)",
					"@executable_path/Frameworks",
				);
				PRODUCT_BUNDLE_IDENTIFIER = TestApp.MrATest;
				PRODUCT_NAME = "$(TARGET_NAME)";
				SWIFT_VERSION = 5.0;
				TARGETED_DEVICE_FAMILY = "1,2";
			};
			name = Release;
		};
/* End XCBuildConfiguration section */

/* Begin XCConfigurationList section */
		E3FFC2C525620E9900E40AB1 /* Build configuration list for PBXProject "MrATest" */ = {
			isa = XCConfigurationList;
			buildConfigurations = (
				E3FFC2DC25620E9C00E40AB1 /* Debug */,
				E3FFC2DD25620E9C00E40AB1 /* Release */,
			);
			defaultConfigurationIsVisible = 0;
			defaultConfigurationName = Release;
		};
		E3FFC2DE25620E9C00E40AB1 /* Build configuration list for PBXNativeTarget "MrATest" */ = {
			isa = XCConfigurationList;
			buildConfigurations = (
				E3FFC2DF25620E9C00E40AB1 /* Debug */,
				E3FFC2E025620E9C00E40AB1 /* Release */,
			);
			defaultConfigurationIsVisible = 0;
			defaultConfigurationName = Release;
		};
/* End XCConfigurationList section */
	};
	rootObject = E3FFC2C225620E9900E40AB1 /* Project object */;
}
